<?xml version="1.0" encoding="utf-8"?>
<Project ToolsVersion="4.0" xmlns="http://schemas.microsoft.com/developer/msbuild/2003">
  <ItemGroup>
    <Filter Include="include">
      <UniqueIdentifier>{89AF369E-F58E-B539-FEA6-40106A051C9B}</UniqueIdentifier>
    </Filter>
    <Filter Include="include\Buffers">
      <UniqueIdentifier>{05E8022D-7173-70F1-7A84-F3E5E68ECCF1}</UniqueIdentifier>
    </Filter>
    <Filter Include="include\Context">
      <UniqueIdentifier>{1DA3966C-892E-0431-923F-8725FE496031}</UniqueIdentifier>
    </Filter>
    <Filter Include="include\Context\Settings">
      <UniqueIdentifier>{DD28E096-C94D-2F17-F298-14A7DE1C2E35}</UniqueIdentifier>
    </Filter>
    <Filter Include="include\Core">
      <UniqueIdentifier>{81F1C769-6D54-570E-16DA-8FC4021C2391}</UniqueIdentifier>
    </Filter>
    <Filter Include="include\Data">
      <UniqueIdentifier>{9242C869-7EA5-570E-272B-90C4136D2391}</UniqueIdentifier>
    </Filter>
    <Filter Include="include\Entities">
      <UniqueIdentifier>{5D523498-494B-53EA-727D-386F5ED532F6}</UniqueIdentifier>
    </Filter>
    <Filter Include="include\Eventing">
      <UniqueIdentifier>{985263DD-844B-822F-AD7D-67B499D5613B}</UniqueIdentifier>
    </Filter>
    <Filter Include="include\Geometry">
      <UniqueIdentifier>{046782B0-F05F-A102-1992-868705EA800E}</UniqueIdentifier>
    </Filter>
    <Filter Include="include\Inputs">
      <UniqueIdentifier>{BB6B7609-A739-6A0F-90CD-DA357C3A4674}</UniqueIdentifier>
    </Filter>
    <Filter Include="include\Rendering">
      <UniqueIdentifier>{16382E60-824E-2CF6-CBC5-B717371BFD7D}</UniqueIdentifier>
    </Filter>
    <Filter Include="include\Rendering\Settings">
      <UniqueIdentifier>{F665858E-E275-315F-4B2F-967D375E20F8}</UniqueIdentifier>
    </Filter>
    <Filter Include="include\Resources">
      <UniqueIdentifier>{3394DBFB-9FAA-D991-E821-65B35477AA19}</UniqueIdentifier>
    </Filter>
    <Filter Include="include\Resources\Loaders">
      <UniqueIdentifier>{2CAF5A11-9871-8E9B-E121-1D284D236779}</UniqueIdentifier>
    </Filter>
    <Filter Include="include\Resources\Parsers">
      <UniqueIdentifier>{A243D725-0E06-0BB0-57B6-993CC3B7E38D}</UniqueIdentifier>
    </Filter>
    <Filter Include="include\Resources\Settings">
      <UniqueIdentifier>{B3B22CDE-9FC2-D8AE-087C-3DCDF4AAC747}</UniqueIdentifier>
    </Filter>
    <Filter Include="include\Tools">
      <UniqueIdentifier>{C9B6F9A3-3577-75DA-FEB1-BE576A31BAB6}</UniqueIdentifier>
    </Filter>
    <Filter Include="include\Tools\Globals">
      <UniqueIdentifier>{9C8A7E38-08F7-3933-D1EA-D1903D165C9B}</UniqueIdentifier>
    </Filter>
    <Filter Include="include\Tools\Time">
      <UniqueIdentifier>{07B9DA6A-F39C-9BC0-5CFD-951348008642}</UniqueIdentifier>
    </Filter>
    <Filter Include="src">
      <UniqueIdentifier>{2DAB880B-99B4-887C-2230-9F7C8E38947C}</UniqueIdentifier>
    </Filter>
    <Filter Include="src\Buffers">
      <UniqueIdentifier>{A947D8FD-15FD-50F3-9EF1-4ACA0AA647F7}</UniqueIdentifier>
    </Filter>
    <Filter Include="src\Context">
      <UniqueIdentifier>{C1026C3D-2DB8-E432-B6AC-DE092261DB36}</UniqueIdentifier>
    </Filter>
    <Filter Include="src\Core">
      <UniqueIdentifier>{A5D31CCF-91A0-77DA-BAB9-6582A6E5AC68}</UniqueIdentifier>
    </Filter>
    <Filter Include="src\Data">
      <UniqueIdentifier>{B6241DCF-A2F1-77DA-CB0A-6682B736AD68}</UniqueIdentifier>
    </Filter>
    <Filter Include="src\Entities">
      <UniqueIdentifier>{81A6B583-6D09-4528-168F-7DDE02D110AB}</UniqueIdentifier>
    </Filter>
    <Filter Include="src\Geometry">
      <UniqueIdentifier>{28BB039C-141E-9340-BDA3-CBF6A9E55EC3}</UniqueIdentifier>
    </Filter>
    <Filter Include="src\Inputs">
      <UniqueIdentifier>{DF668C17-CB1E-CE64-3426-A7C020FD6855}</UniqueIdentifier>
    </Filter>
    <Filter Include="src\Rendering">
      <UniqueIdentifier>{BA10DABB-26D1-55F2-EF0B-9F6F5B8B9ACE}</UniqueIdentifier>
    </Filter>
    <Filter Include="src\Resources">
      <UniqueIdentifier>{D76C8757-432D-038E-0C68-4C0B78E7476A}</UniqueIdentifier>
    </Filter>
    <Filter Include="src\Resources\Loaders">
      <UniqueIdentifier>{D0EB1687-3C58-D281-054C-6ADF7177F4E9}</UniqueIdentifier>
    </Filter>
    <Filter Include="src\Resources\Parsers">
      <UniqueIdentifier>{4680939B-B2EC-4E96-7BE0-E6F3E70B71FE}</UniqueIdentifier>
    </Filter>
    <Filter Include="src\Tools">
      <UniqueIdentifier>{6DDDEAB3-D947-9F2A-2286-50D08E2F7D7F}</UniqueIdentifier>
    </Filter>
    <Filter Include="src\Tools\Globals">
      <UniqueIdentifier>{4015EEC1-AC2B-EC57-F5A2-777961F8BCDF}</UniqueIdentifier>
    </Filter>
    <Filter Include="src\Tools\Time">
      <UniqueIdentifier>{2BA6013C-1774-F541-0008-6668EC74D1A6}</UniqueIdentifier>
    </Filter>
  </ItemGroup>
  <ItemGroup>
    <ClInclude Include="include\Buffers\DepthBuffer.h">
      <Filter>include\Buffers</Filter>
    </ClInclude>
    <ClInclude Include="include\Buffers\IndexBuffer.h">
      <Filter>include\Buffers</Filter>
    </ClInclude>
    <ClInclude Include="include\Buffers\MSAABuffer.h">
      <Filter>include\Buffers</Filter>
    </ClInclude>
    <ClInclude Include="include\Buffers\TextureBuffer.h">
      <Filter>include\Buffers</Filter>
    </ClInclude>
    <ClInclude Include="include\Buffers\VertexBuffer.h">
      <Filter>include\Buffers</Filter>
    </ClInclude>
    <ClInclude Include="include\Context\Device.h">
      <Filter>include\Context</Filter>
    </ClInclude>
    <ClInclude Include="include\Context\Driver.h">
      <Filter>include\Context</Filter>
    </ClInclude>
    <ClInclude Include="include\Context\Settings\DriverSettings.h">
      <Filter>include\Context\Settings</Filter>
    </ClInclude>
    <ClInclude Include="include\Context\Settings\ECursorMode.h">
      <Filter>include\Context\Settings</Filter>
    </ClInclude>
    <ClInclude Include="include\Context\Settings\WindowSettings.h">
      <Filter>include\Context\Settings</Filter>
    </ClInclude>
    <ClInclude Include="include\Context\Window.h">
      <Filter>include\Context</Filter>
    </ClInclude>
    <ClInclude Include="include\Core\Application.h">
      <Filter>include\Core</Filter>
    </ClInclude>
    <ClInclude Include="include\Core\CameraController.h">
      <Filter>include\Core</Filter>
    </ClInclude>
    <ClInclude Include="include\Core\ContextCore.h">
      <Filter>include\Core</Filter>
    </ClInclude>
    <ClInclude Include="include\Data\Color.h">
      <Filter>include\Data</Filter>
    </ClInclude>
    <ClInclude Include="include\Entities\Camera.h">
      <Filter>include\Entities</Filter>
    </ClInclude>
    <ClInclude Include="include\Eventing\Event.h">
      <Filter>include\Eventing</Filter>
    </ClInclude>
    <ClInclude Include="include\Eventing\Event.inl">
      <Filter>include\Eventing</Filter>
    </ClInclude>
    <ClInclude Include="include\Geometry\BoundingBox2D.h">
      <Filter>include\Geometry</Filter>
    </ClInclude>
    <ClInclude Include="include\Geometry\Plane.h">
      <Filter>include\Geometry</Filter>
    </ClInclude>
    <ClInclude Include="include\Geometry\Polygon.h">
      <Filter>include\Geometry</Filter>
    </ClInclude>
    <ClInclude Include="include\Geometry\Triangle.h">
      <Filter>include\Geometry</Filter>
    </ClInclude>
    <ClInclude Include="include\Geometry\Vertex.h">
      <Filter>include\Geometry</Filter>
    </ClInclude>
    <ClInclude Include="include\Inputs\EKey.h">
      <Filter>include\Inputs</Filter>
    </ClInclude>
    <ClInclude Include="include\Inputs\EKeyState.h">
      <Filter>include\Inputs</Filter>
    </ClInclude>
    <ClInclude Include="include\Inputs\EMouseButton.h">
      <Filter>include\Inputs</Filter>
    </ClInclude>
    <ClInclude Include="include\Inputs\EMouseButtonState.h">
      <Filter>include\Inputs</Filter>
    </ClInclude>
    <ClInclude Include="include\Inputs\InputManager.h">
      <Filter>include\Inputs</Filter>
    </ClInclude>
    <ClInclude Include="include\Rendering\AShader.h">
      <Filter>include\Rendering</Filter>
    </ClInclude>
    <ClInclude Include="include\Rendering\DefaultShader.h">
      <Filter>include\Rendering</Filter>
    </ClInclude>
    <ClInclude Include="include\Rendering\Rasterizer.h">
      <Filter>include\Rendering</Filter>
    </ClInclude>
    <ClInclude Include="include\Rendering\Renderer.h">
      <Filter>include\Rendering</Filter>
    </ClInclude>
    <ClInclude Include="include\Rendering\Sample.h">
      <Filter>include\Rendering</Filter>
    </ClInclude>
    <ClInclude Include="include\Rendering\Settings\ECullFace.h">
      <Filter>include\Rendering\Settings</Filter>
    </ClInclude>
    <ClInclude Include="include\Rendering\Settings\EDrawMode.h">
      <Filter>include\Rendering\Settings</Filter>
    </ClInclude>
    <ClInclude Include="include\Rendering\Settings\ERenderState.h">
      <Filter>include\Rendering\Settings</Filter>
    </ClInclude>
    <ClInclude Include="include\Resources\IMesh.h">
      <Filter>include\Resources</Filter>
    </ClInclude>
    <ClInclude Include="include\Resources\Loaders\ModelLoader.h">
      <Filter>include\Resources\Loaders</Filter>
    </ClInclude>
    <ClInclude Include="include\Resources\Loaders\TextureLoader.h">
      <Filter>include\Resources\Loaders</Filter>
    </ClInclude>
    <ClInclude Include="include\Resources\Mesh.h">
      <Filter>include\Resources</Filter>
    </ClInclude>
    <ClInclude Include="include\Resources\Model.h">
      <Filter>include\Resources</Filter>
    </ClInclude>
    <ClInclude Include="include\Resources\Parsers\OBJParser.h">
      <Filter>include\Resources\Parsers</Filter>
    </ClInclude>
    <ClInclude Include="include\Resources\Settings\ETextureFilteringMode.h">
      <Filter>include\Resources\Settings</Filter>
    </ClInclude>
    <ClInclude Include="include\Resources\Settings\ETextureWrapMode.h">
      <Filter>include\Resources\Settings</Filter>
    </ClInclude>
    <ClInclude Include="include\Resources\Texture.h">
      <Filter>include\Resources</Filter>
    </ClInclude>
    <ClInclude Include="include\Tools\Globals\ServiceLocator.h">
      <Filter>include\Tools\Globals</Filter>
    </ClInclude>
    <ClInclude Include="include\Tools\Time\Clock.h">
      <Filter>include\Tools\Time</Filter>
    </ClInclude>
    <ClInclude Include="include\Resources\MaterialData.h" />
    <ClInclude Include="include\Resources\Parsers\MTLParser.h" />
    <ClInclude Include="include\Resources\Material.h" />
    <ClInclude Include="include\Resources\Parsers\MaterialData.h" />
    <ClInclude Include="include\Tools\Utils\String.h" />
  </ItemGroup>
  <ItemGroup>
    <ClCompile Include="main.cpp" />
    <ClCompile Include="src\Buffers\DepthBuffer.cpp">
      <Filter>src\Buffers</Filter>
    </ClCompile>
    <ClCompile Include="src\Buffers\MSAABuffer.cpp">
      <Filter>src\Buffers</Filter>
    </ClCompile>
    <ClCompile Include="src\Buffers\TextureBuffer.cpp">
      <Filter>src\Buffers</Filter>
    </ClCompile>
    <ClCompile Include="src\Context\Device.cpp">
      <Filter>src\Context</Filter>
    </ClCompile>
    <ClCompile Include="src\Context\Driver.cpp">
      <Filter>src\Context</Filter>
    </ClCompile>
    <ClCompile Include="src\Context\Window.cpp">
      <Filter>src\Context</Filter>
    </ClCompile>
    <ClCompile Include="src\Core\Application.cpp">
      <Filter>src\Core</Filter>
    </ClCompile>
    <ClCompile Include="src\Core\CameraController.cpp">
      <Filter>src\Core</Filter>
    </ClCompile>
    <ClCompile Include="src\Core\ContextCore.cpp">
      <Filter>src\Core</Filter>
    </ClCompile>
    <ClCompile Include="src\Data\Color.cpp">
      <Filter>src\Data</Filter>
    </ClCompile>
    <ClCompile Include="src\Entities\Camera.cpp">
      <Filter>src\Entities</Filter>
    </ClCompile>
    <ClCompile Include="src\Geometry\Triangle.cpp">
      <Filter>src\Geometry</Filter>
    </ClCompile>
    <ClCompile Include="src\Inputs\InputManager.cpp">
      <Filter>src\Inputs</Filter>
    </ClCompile>
    <ClCompile Include="src\Rendering\AShader.cpp">
      <Filter>src\Rendering</Filter>
    </ClCompile>
    <ClCompile Include="src\Rendering\DefaultShader.cpp">
      <Filter>src\Rendering</Filter>
    </ClCompile>
    <ClCompile Include="src\Rendering\Rasterizer.cpp">
      <Filter>src\Rendering</Filter>
    </ClCompile>
    <ClCompile Include="src\Rendering\Renderer.cpp">
      <Filter>src\Rendering</Filter>
    </ClCompile>
    <ClCompile Include="src\Resources\Loaders\ModelLoader.cpp">
      <Filter>src\Resources\Loaders</Filter>
    </ClCompile>
    <ClCompile Include="src\Resources\Loaders\TextureLoader.cpp">
      <Filter>src\Resources\Loaders</Filter>
    </ClCompile>
    <ClCompile Include="src\Resources\Mesh.cpp">
      <Filter>src\Resources</Filter>
    </ClCompile>
    <ClCompile Include="src\Resources\Model.cpp">
      <Filter>src\Resources</Filter>
    </ClCompile>
    <ClCompile Include="src\Resources\Parsers\OBJParser.cpp">
      <Filter>src\Resources\Parsers</Filter>
    </ClCompile>
    <ClCompile Include="src\Resources\Texture.cpp">
      <Filter>src\Resources</Filter>
    </ClCompile>
    <ClCompile Include="src\Tools\Globals\ServiceLocator.cpp">
      <Filter>src\Tools\Globals</Filter>
    </ClCompile>
    <ClCompile Include="src\Tools\Time\Clock.cpp">
      <Filter>src\Tools\Time</Filter>
    </ClCompile>
    <ClCompile Include="src\Resources\Parsers\MTLParser.cpp" />
    <ClCompile Include="src\Resources\Material.cpp" />
    <ClCompile Include="src\Tools\Utils\String.cpp" />
  </ItemGroup>
</Project>